<?xml version="1.0" encoding="utf-8"?>
<Project ToolsVersion="4.0" xmlns="http://schemas.microsoft.com/developer/msbuild/2003">
  <ItemGroup>
    <Filter Include="源文件">
      <UniqueIdentifier>{4FC737F1-C7A5-4376-A066-2A32D752A2FF}</UniqueIdentifier>
      <Extensions>cpp;c;cc;cxx;c++;cppm;ixx;def;odl;idl;hpj;bat;asm;asmx</Extensions>
    </Filter>
    <Filter Include="头文件">
      <UniqueIdentifier>{93995380-89BD-4b04-88EB-625FBE52EBFB}</UniqueIdentifier>
      <Extensions>h;hh;hpp;hxx;h++;hm;inl;inc;ipp;xsd</Extensions>
    </Filter>
    <Filter Include="资源文件">
      <UniqueIdentifier>{67DA6AB6-F800-4c08-8B7A-83BB121AAD01}</UniqueIdentifier>
      <Extensions>rc;ico;cur;bmp;dlg;rc2;rct;bin;rgs;gif;jpg;jpeg;jpe;resx;tiff;tif;png;wav;mfcribbon-ms</Extensions>
    </Filter>
  </ItemGroup>
  <ItemGroup>
    <ClInclude Include="pl0.h">
      <Filter>头文件</Filter>
    </ClInclude>
  </ItemGroup>
  <ItemGroup>
    <ClCompile Include="pl0.cpp">
      <Filter>源文件</Filter>
    </ClCompile>
  </ItemGroup>
  <ItemGroup>
    <Text Include="test.txt">
      <Filter>资源文件</Filter>
    </Text>
  </ItemGroup>
  <ItemGroup>
    <None Include="fa.tmp">
      <Filter>资源文件</Filter>
    </None>
    <None Include="fa1.tmp">
      <Filter>资源文件</Filter>
    </None>
    <None Include="fas.tmp">
      <Filter>资源文件</Filter>
    </None>
    <None Include="Examples\column.in">
      <Filter>资源文件</Filter>
    </None>
    <None Include="Examples\column.out">
      <Filter>资源文件</Filter>
    </None>
    <None Include="Examples\column.pl0">
      <Filter>资源文件</Filter>
    </None>
    <None Include="Examples\daffodilnum.in">
      <Filter>资源文件</Filter>
    </None>
    <None Include="Examples\daffodilnum.out">
      <Filter>资源文件</Filter>
    </None>
    <None Include="Examples\daffodilnum.pl0">
      <Filter>资源文件</Filter>
    </None>
    <None Include="Examples\F2C.in">
      <Filter>资源文件</Filter>
    </None>
    <None Include="Examples\F2C.out">
      <Filter>资源文件</Filter>
    </None>
    <None Include="Examples\F2C.pl0">
      <Filter>资源文件</Filter>
    </None>
    <None Include="Examples\function.in">
      <Filter>资源文件</Filter>
    </None>
    <None Include="Examples\function.out">
      <Filter>资源文件</Filter>
    </None>
    <None Include="Examples\function.pl0">
      <Filter>资源文件</Filter>
    </None>
    <None Include="Examples\max.in">
      <Filter>资源文件</Filter>
    </None>
    <None Include="Examples\max.out">
      <Filter>资源文件</Filter>
    </None>
    <None Include="Examples\max.pl0">
      <Filter>资源文件</Filter>
    </None>
    <None Include="Examples\permutation.in">
      <Filter>资源文件</Filter>
    </None>
    <None Include="Examples\permutation.out">
      <Filter>资源文件</Filter>
    </None>
    <None Include="Examples\permutation.pl0">
      <Filter>资源文件</Filter>
    </None>
    <None Include="Examples\quicksort.in">
      <Filter>资源文件</Filter>
    </None>
    <None Include="Examples\quicksort.out">
      <Filter>资源文件</Filter>
    </None>
    <None Include="Examples\quicksort.pl0">
      <Filter>资源文件</Filter>
    </None>
    <None Include="Examples\sample0.in">
      <Filter>资源文件</Filter>
    </None>
    <None Include="Examples\sample0.out">
      <Filter>资源文件</Filter>
    </None>
    <None Include="Examples\sample0.pl0">
      <Filter>资源文件</Filter>
    </None>
    <None Include="Examples\sample1.in">
      <Filter>资源文件</Filter>
    </None>
    <None Include="Examples\sample1.out">
      <Filter>资源文件</Filter>
    </None>
    <None Include="Examples\sample1.pl0">
      <Filter>资源文件</Filter>
    </None>
    <None Include="Examples\sample2.in">
      <Filter>资源文件</Filter>
    </None>
    <None Include="Examples\sample2.out">
      <Filter>资源文件</Filter>
    </None>
    <None Include="Examples\sample2.pl0">
      <Filter>资源文件</Filter>
    </None>
    <None Include="Examples\sample3.in">
      <Filter>资源文件</Filter>
    </None>
    <None Include="Examples\sample3.out">
      <Filter>资源文件</Filter>
    </None>
    <None Include="Examples\sample3.pl0">
      <Filter>资源文件</Filter>
    </None>
    <None Include="Examples\SumOfn!.in">
      <Filter>资源文件</Filter>
    </None>
    <None Include="Examples\SumOfn!.out">
      <Filter>资源文件</Filter>
    </None>
    <None Include="Examples\SumOfn!.pl0">
      <Filter>资源文件</Filter>
    </None>
    <None Include="Examples\test_recursive.in">
      <Filter>资源文件</Filter>
    </None>
    <None Include="Examples\test_recursive.out">
      <Filter>资源文件</Filter>
    </None>
    <None Include="Examples\test_recursive.pl0">
      <Filter>资源文件</Filter>
    </None>
  </ItemGroup>
</Project>